
Microsoft Visual Studio Solution File, Format Version 12.00
# Visual Studio Version 17
VisualStudioVersion = 17.7.34221.43
MinimumVisualStudioVersion = 10.0.40219.1
Project("{FAE04EC0-301F-11D3-BF4B-00C04F79EFBC}") = "SteamedHamsLauncher", "SteamedHamsLauncher\SteamedHamsLauncher.csproj", "{D63DCD2F-E99C-4F33-9445-1DEC3E488178}"
EndProject
Global
	GlobalSection(SolutionConfigurationPlatforms) = preSolution
		Debug|Any CPU = Debug|Any CPU
		Release|Any CPU = Release|Any CPU
	EndGlobalSection
	GlobalSection(ProjectConfigurationPlatforms) = postSolution
		{D63DCD2F-E99C-4F33-9445-1DEC3E488178}.Debug|Any CPU.ActiveCfg = Debug|Any CPU
		{D63DCD2F-E99C-4F33-9445-1DEC3E488178}.Debug|Any CPU.Build.0 = Debug|Any CPU
		{D63DCD2F-E99C-4F33-9445-1DEC3E488178}.Release|Any CPU.ActiveCfg = Release|Any CPU
		{D63DCD2F-E99C-4F33-9445-1DEC3E488178}.Release|Any CPU.Build.0 = Release|Any CPU
	EndGlobalSection
	GlobalSection(SolutionProperties) = preSolution
		HideSolutionNode = FALSE
	EndGlobalSection
	GlobalSection(ExtensibilityGlobals) = postSolution
		SolutionGuid = {2A264B80-554E-4037-BFD1-1D93C50CCE33}
	EndGlobalSection
EndGlobal
